
Microsoft Visual Studio Solution File, Format Version 12.00
# Visual Studio Version 17
VisualStudioVersion = 17.12.35527.113
MinimumVisualStudioVersion = 10.0.40219.1
Project("{FAE04EC0-301F-11D3-BF4B-00C04F79EFBC}") = "Clearinet.ProxyCore", "src\Clearinet.ProxyCore\Clearinet.ProxyCore.csproj", "{B146CDBC-D091-4A11-A907-1CDEA93C2793}"
EndProject
Project("{FAE04EC0-301F-11D3-BF4B-00C04F79EFBC}") = "Clearinet.Compatibility", "src\Clearinet.Compatibility\Clearinet.Compatibility.csproj", "{7639AB7F-23C4-49C5-AE98-FDAE89A2946F}"
EndProject
Project("{FAE04EC0-301F-11D3-BF4B-00C04F79EFBC}") = "Clearinet.ProxyCore.Tests", "tests\Clearinet.ProxyCore.Tests\Clearinet.ProxyCore.Tests.csproj", "{73E49616-CC2A-4C83-9E0B-E31BAC4236FF}"
EndProject
Project("{FAE04EC0-301F-11D3-BF4B-00C04F79EFBC}") = "Clearinet.DevHost", "tools\Clearinet.DevHost\Clearinet.DevHost.csproj", "{03B6FE59-35FC-46D8-A6D9-E2D82226DA27}"
EndProject
Global
	GlobalSection(SolutionConfigurationPlatforms) = preSolution
		Debug|Any CPU = Debug|Any CPU
		Release|Any CPU = Release|Any CPU
	EndGlobalSection
	GlobalSection(ProjectConfigurationPlatforms) = postSolution
		{B146CDBC-D091-4A11-A907-1CDEA93C2793}.Debug|Any CPU.ActiveCfg = Debug|Any CPU
		{B146CDBC-D091-4A11-A907-1CDEA93C2793}.Debug|Any CPU.Build.0 = Debug|Any CPU
		{B146CDBC-D091-4A11-A907-1CDEA93C2793}.Release|Any CPU.ActiveCfg = Release|Any CPU
		{B146CDBC-D091-4A11-A907-1CDEA93C2793}.Release|Any CPU.Build.0 = Release|Any CPU
		{7639AB7F-23C4-49C5-AE98-FDAE89A2946F}.Debug|Any CPU.ActiveCfg = Debug|Any CPU
		{7639AB7F-23C4-49C5-AE98-FDAE89A2946F}.Debug|Any CPU.Build.0 = Debug|Any CPU
		{7639AB7F-23C4-49C5-AE98-FDAE89A2946F}.Release|Any CPU.ActiveCfg = Release|Any CPU
		{7639AB7F-23C4-49C5-AE98-FDAE89A2946F}.Release|Any CPU.Build.0 = Release|Any CPU
		{73E49616-CC2A-4C83-9E0B-E31BAC4236FF}.Debug|Any CPU.ActiveCfg = Debug|Any CPU
		{73E49616-CC2A-4C83-9E0B-E31BAC4236FF}.Debug|Any CPU.Build.0 = Debug|Any CPU
		{73E49616-CC2A-4C83-9E0B-E31BAC4236FF}.Release|Any CPU.ActiveCfg = Release|Any CPU
		{73E49616-CC2A-4C83-9E0B-E31BAC4236FF}.Release|Any CPU.Build.0 = Release|Any CPU
		{03B6FE59-35FC-46D8-A6D9-E2D82226DA27}.Debug|Any CPU.ActiveCfg = Debug|Any CPU
		{03B6FE59-35FC-46D8-A6D9-E2D82226DA27}.Debug|Any CPU.Build.0 = Debug|Any CPU
		{03B6FE59-35FC-46D8-A6D9-E2D82226DA27}.Release|Any CPU.ActiveCfg = Release|Any CPU
		{03B6FE59-35FC-46D8-A6D9-E2D82226DA27}.Release|Any CPU.Build.0 = Release|Any CPU
	EndGlobalSection
	GlobalSection(SolutionProperties) = preSolution
		HideSolutionNode = FALSE
	EndGlobalSection
	GlobalSection(ExtensibilityGlobals) = postSolution
		SolutionGuid = {48FF47AE-C6D4-4A87-A72D-3E11E02FB5E6}
	EndGlobalSection
EndGlobal
